
Microsoft Visual Studio Solution File, Format Version 12.00
# Visual Studio Version 17
VisualStudioVersion = 17.14.36811.4
MinimumVisualStudioVersion = 10.0.40219.1
Project("{FAE04EC0-301F-11D3-BF4B-00C04F79EFBC}") = "DVLD -Presentation Tier", "DVLD -Presentation Tier.csproj", "{660C6EA6-DC3F-4316-B474-67D5F6614CB9}"
EndProject
Project("{FAE04EC0-301F-11D3-BF4B-00C04F79EFBC}") = "DVLD -Core", "..\DVLD -Core\DVLD -Core.csproj", "{64D6C33B-0E23-4A1F-A08F-FFADF3D73D96}"
EndProject
Project("{FAE04EC0-301F-11D3-BF4B-00C04F79EFBC}") = "DVLD -Business Tier", "..\DVLD -Business Tier\DVLD -Business Tier.csproj", "{3AFE0537-B24F-4618-AC90-8520F74A12A0}"
EndProject
Project("{FAE04EC0-301F-11D3-BF4B-00C04F79EFBC}") = "DVLD -Data Tier", "..\DVLD -Data Tier\DVLD -Data Tier.csproj", "{1CF9B99C-5359-4358-A0B4-BE7CE6C7C181}"
EndProject
Project("{2150E333-8FDC-42A3-9474-1A3956D46DE8}") = "Solution Items", "Solution Items", "{8EC462FD-D22E-90A8-E5CE-7E832BA40C5D}"
	ProjectSection(SolutionItems) = preProject
		..\.gitignore = ..\.gitignore
	EndProjectSection
EndProject
Global
	GlobalSection(SolutionConfigurationPlatforms) = preSolution
		Debug|Any CPU = Debug|Any CPU
		Release|Any CPU = Release|Any CPU
	EndGlobalSection
	GlobalSection(ProjectConfigurationPlatforms) = postSolution
		{660C6EA6-DC3F-4316-B474-67D5F6614CB9}.Debug|Any CPU.ActiveCfg = Debug|Any CPU
		{660C6EA6-DC3F-4316-B474-67D5F6614CB9}.Debug|Any CPU.Build.0 = Debug|Any CPU
		{660C6EA6-DC3F-4316-B474-67D5F6614CB9}.Release|Any CPU.ActiveCfg = Release|Any CPU
		{660C6EA6-DC3F-4316-B474-67D5F6614CB9}.Release|Any CPU.Build.0 = Release|Any CPU
		{64D6C33B-0E23-4A1F-A08F-FFADF3D73D96}.Debug|Any CPU.ActiveCfg = Debug|Any CPU
		{64D6C33B-0E23-4A1F-A08F-FFADF3D73D96}.Debug|Any CPU.Build.0 = Debug|Any CPU
		{64D6C33B-0E23-4A1F-A08F-FFADF3D73D96}.Release|Any CPU.ActiveCfg = Release|Any CPU
		{64D6C33B-0E23-4A1F-A08F-FFADF3D73D96}.Release|Any CPU.Build.0 = Release|Any CPU
		{3AFE0537-B24F-4618-AC90-8520F74A12A0}.Debug|Any CPU.ActiveCfg = Debug|Any CPU
		{3AFE0537-B24F-4618-AC90-8520F74A12A0}.Debug|Any CPU.Build.0 = Debug|Any CPU
		{3AFE0537-B24F-4618-AC90-8520F74A12A0}.Release|Any CPU.ActiveCfg = Release|Any CPU
		{3AFE0537-B24F-4618-AC90-8520F74A12A0}.Release|Any CPU.Build.0 = Release|Any CPU
		{1CF9B99C-5359-4358-A0B4-BE7CE6C7C181}.Debug|Any CPU.ActiveCfg = Debug|Any CPU
		{1CF9B99C-5359-4358-A0B4-BE7CE6C7C181}.Debug|Any CPU.Build.0 = Debug|Any CPU
		{1CF9B99C-5359-4358-A0B4-BE7CE6C7C181}.Release|Any CPU.ActiveCfg = Release|Any CPU
		{1CF9B99C-5359-4358-A0B4-BE7CE6C7C181}.Release|Any CPU.Build.0 = Release|Any CPU
	EndGlobalSection
	GlobalSection(SolutionProperties) = preSolution
		HideSolutionNode = FALSE
	EndGlobalSection
	GlobalSection(ExtensibilityGlobals) = postSolution
		SolutionGuid = {1FAE2985-0149-4A43-BF81-2908597F6B32}
	EndGlobalSection
EndGlobal
