
Microsoft Visual Studio Solution File, Format Version 12.00
# Visual Studio Version 17
VisualStudioVersion = 17.14.36811.4 d17.14
MinimumVisualStudioVersion = 10.0.40219.1
Project("{FAE04EC0-301F-11D3-BF4B-00C04F79EFBC}") = "DVLD -Presentation Tier", "DVLD -Presentation Tier.csproj", "{660C6EA6-DC3F-4316-B474-67D5F6614CB9}"
EndProject
Global
	GlobalSection(SolutionConfigurationPlatforms) = preSolution
		Debug|Any CPU = Debug|Any CPU
		Release|Any CPU = Release|Any CPU
	EndGlobalSection
	GlobalSection(ProjectConfigurationPlatforms) = postSolution
		{660C6EA6-DC3F-4316-B474-67D5F6614CB9}.Debug|Any CPU.ActiveCfg = Debug|Any CPU
		{660C6EA6-DC3F-4316-B474-67D5F6614CB9}.Debug|Any CPU.Build.0 = Debug|Any CPU
		{660C6EA6-DC3F-4316-B474-67D5F6614CB9}.Release|Any CPU.ActiveCfg = Release|Any CPU
		{660C6EA6-DC3F-4316-B474-67D5F6614CB9}.Release|Any CPU.Build.0 = Release|Any CPU
	EndGlobalSection
	GlobalSection(SolutionProperties) = preSolution
		HideSolutionNode = FALSE
	EndGlobalSection
	GlobalSection(ExtensibilityGlobals) = postSolution
		SolutionGuid = {1FAE2985-0149-4A43-BF81-2908597F6B32}
	EndGlobalSection
EndGlobal
